
Microsoft Visual Studio Solution File, Format Version 12.00
# Visual Studio Version 17
VisualStudioVersion = 17.14.36518.9 d17.14
MinimumVisualStudioVersion = 10.0.40219.1
Project("{FAE04EC0-301F-11D3-BF4B-00C04F79EFBC}") = "laba1", "laba1\laba1.csproj", "{4734D03B-4CF8-4822-9471-D4E009DCA9CA}"
EndProject
Global
	GlobalSection(SolutionConfigurationPlatforms) = preSolution
		Debug|Any CPU = Debug|Any CPU
		Release|Any CPU = Release|Any CPU
	EndGlobalSection
	GlobalSection(ProjectConfigurationPlatforms) = postSolution
		{4734D03B-4CF8-4822-9471-D4E009DCA9CA}.Debug|Any CPU.ActiveCfg = Debug|Any CPU
		{4734D03B-4CF8-4822-9471-D4E009DCA9CA}.Debug|Any CPU.Build.0 = Debug|Any CPU
		{4734D03B-4CF8-4822-9471-D4E009DCA9CA}.Release|Any CPU.ActiveCfg = Release|Any CPU
		{4734D03B-4CF8-4822-9471-D4E009DCA9CA}.Release|Any CPU.Build.0 = Release|Any CPU
	EndGlobalSection
	GlobalSection(SolutionProperties) = preSolution
		HideSolutionNode = FALSE
	EndGlobalSection
	GlobalSection(ExtensibilityGlobals) = postSolution
		SolutionGuid = {67C29097-4557-47AB-9099-171A9CE62934}
	EndGlobalSection
EndGlobal
